
Microsoft Visual Studio Solution File, Format Version 12.00
# Visual Studio 2013
VisualStudioVersion = 12.0.31101.0
MinimumVisualStudioVersion = 10.0.40219.1
Project("{FAE04EC0-301F-11D3-BF4B-00C04F79EFBC}") = "Datos", "Datos\Datos.csproj", "{F2EBCB96-6DE4-44E3-B355-488303589FC1}"
EndProject
Project("{FAE04EC0-301F-11D3-BF4B-00C04F79EFBC}") = "Lógica", "Lógica\Lógica.csproj", "{CF18AA29-E3C4-4016-9D8B-A20E38E72791}"
EndProject
Project("{FAE04EC0-301F-11D3-BF4B-00C04F79EFBC}") = "Vista", "Vista\Vista.csproj", "{E3B6E7D6-51F9-4142-A786-4D7266FA319B}"
EndProject
Global
	GlobalSection(SolutionConfigurationPlatforms) = preSolution
		Debug|Any CPU = Debug|Any CPU
		Release|Any CPU = Release|Any CPU
	EndGlobalSection
	GlobalSection(ProjectConfigurationPlatforms) = postSolution
		{F2EBCB96-6DE4-44E3-B355-488303589FC1}.Debug|Any CPU.ActiveCfg = Debug|Any CPU
		{F2EBCB96-6DE4-44E3-B355-488303589FC1}.Debug|Any CPU.Build.0 = Debug|Any CPU
		{F2EBCB96-6DE4-44E3-B355-488303589FC1}.Release|Any CPU.ActiveCfg = Release|Any CPU
		{F2EBCB96-6DE4-44E3-B355-488303589FC1}.Release|Any CPU.Build.0 = Release|Any CPU
		{CF18AA29-E3C4-4016-9D8B-A20E38E72791}.Debug|Any CPU.ActiveCfg = Debug|Any CPU
		{CF18AA29-E3C4-4016-9D8B-A20E38E72791}.Debug|Any CPU.Build.0 = Debug|Any CPU
		{CF18AA29-E3C4-4016-9D8B-A20E38E72791}.Release|Any CPU.ActiveCfg = Release|Any CPU
		{CF18AA29-E3C4-4016-9D8B-A20E38E72791}.Release|Any CPU.Build.0 = Release|Any CPU
		{E3B6E7D6-51F9-4142-A786-4D7266FA319B}.Debug|Any CPU.ActiveCfg = Debug|Any CPU
		{E3B6E7D6-51F9-4142-A786-4D7266FA319B}.Debug|Any CPU.Build.0 = Debug|Any CPU
		{E3B6E7D6-51F9-4142-A786-4D7266FA319B}.Release|Any CPU.ActiveCfg = Release|Any CPU
		{E3B6E7D6-51F9-4142-A786-4D7266FA319B}.Release|Any CPU.Build.0 = Release|Any CPU
	EndGlobalSection
	GlobalSection(SolutionProperties) = preSolution
		HideSolutionNode = FALSE
	EndGlobalSection
EndGlobal
